
Microsoft Visual Studio Solution File, Format Version 12.00
# Visual Studio Version 16
VisualStudioVersion = 16.0.30225.117
MinimumVisualStudioVersion = 10.0.40219.1
Project("{9A19103F-16F7-4668-BE54-9A1E7A4F7556}") = "SmartSite.Web", "SmartSite.Web\SmartSite.Web.csproj", "{84BBBBE6-774E-41B9-BE34-11490C7B6A1C}"
EndProject
Project("{FAE04EC0-301F-11D3-BF4B-00C04F79EFBC}") = "SmartSite.DB", "SmartSite.DB\SmartSite.DB.csproj", "{61651957-1C05-424B-A15E-48491295AFB7}"
EndProject
Project("{FAE04EC0-301F-11D3-BF4B-00C04F79EFBC}") = "SmartSite.Common", "SmartSite.Common\SmartSite.Common.csproj", "{6D1FC367-4548-42B4-BAAC-179AF7742B86}"
EndProject
Project("{FAE04EC0-301F-11D3-BF4B-00C04F79EFBC}") = "SmartSite.Log", "SmartSite.Log\SmartSite.Log.csproj", "{49A6FE94-0A05-4311-A269-1BCD81DDAF62}"
EndProject
Global
	GlobalSection(SolutionConfigurationPlatforms) = preSolution
		Debug|Any CPU = Debug|Any CPU
		Release|Any CPU = Release|Any CPU
	EndGlobalSection
	GlobalSection(ProjectConfigurationPlatforms) = postSolution
		{84BBBBE6-774E-41B9-BE34-11490C7B6A1C}.Debug|Any CPU.ActiveCfg = Debug|Any CPU
		{84BBBBE6-774E-41B9-BE34-11490C7B6A1C}.Debug|Any CPU.Build.0 = Debug|Any CPU
		{84BBBBE6-774E-41B9-BE34-11490C7B6A1C}.Release|Any CPU.ActiveCfg = Release|Any CPU
		{84BBBBE6-774E-41B9-BE34-11490C7B6A1C}.Release|Any CPU.Build.0 = Release|Any CPU
		{61651957-1C05-424B-A15E-48491295AFB7}.Debug|Any CPU.ActiveCfg = Debug|Any CPU
		{61651957-1C05-424B-A15E-48491295AFB7}.Debug|Any CPU.Build.0 = Debug|Any CPU
		{61651957-1C05-424B-A15E-48491295AFB7}.Release|Any CPU.ActiveCfg = Release|Any CPU
		{61651957-1C05-424B-A15E-48491295AFB7}.Release|Any CPU.Build.0 = Release|Any CPU
		{6D1FC367-4548-42B4-BAAC-179AF7742B86}.Debug|Any CPU.ActiveCfg = Debug|Any CPU
		{6D1FC367-4548-42B4-BAAC-179AF7742B86}.Debug|Any CPU.Build.0 = Debug|Any CPU
		{6D1FC367-4548-42B4-BAAC-179AF7742B86}.Release|Any CPU.ActiveCfg = Release|Any CPU
		{6D1FC367-4548-42B4-BAAC-179AF7742B86}.Release|Any CPU.Build.0 = Release|Any CPU
		{49A6FE94-0A05-4311-A269-1BCD81DDAF62}.Debug|Any CPU.ActiveCfg = Debug|Any CPU
		{49A6FE94-0A05-4311-A269-1BCD81DDAF62}.Debug|Any CPU.Build.0 = Debug|Any CPU
		{49A6FE94-0A05-4311-A269-1BCD81DDAF62}.Release|Any CPU.ActiveCfg = Release|Any CPU
		{49A6FE94-0A05-4311-A269-1BCD81DDAF62}.Release|Any CPU.Build.0 = Release|Any CPU
	EndGlobalSection
	GlobalSection(SolutionProperties) = preSolution
		HideSolutionNode = FALSE
	EndGlobalSection
	GlobalSection(ExtensibilityGlobals) = postSolution
		SolutionGuid = {3A3A9BBE-9258-49C1-B229-7404F5EB210D}
	EndGlobalSection
EndGlobal
